// !$*UTF8*$!
{
	archiveVersion = 1;
	classes = {
	};
	objectVersion = 46;
	objects = {

/* Begin PBXBuildFile section */
		085C0BB86DFFB903ADDDF659 /* Pods_Rainy.framework in Frameworks */ = {isa = PBXBuildFile; fileRef = 7A16B4B155A0D521FF3EBE99 /* Pods_Rainy.framework */; settings = {ATTRIBUTES = (Weak, ); }; };
		7B69FB5CE728F9121E6E3F39 /* Pods_Rainy_dev.framework in Frameworks */ = {isa = PBXBuildFile; fileRef = C298855D70E0E8FE19C392E0 /* Pods_Rainy_dev.framework */; settings = {ATTRIBUTES = (Weak, ); }; };
		9C656DFC1DD248410096FDA5 /* ForecastManager.swift in Sources */ = {isa = PBXBuildFile; fileRef = 9C656DFB1DD248410096FDA5 /* ForecastManager.swift */; };
		9C656DFD1DD248A40096FDA5 /* ForecastManager.swift in Sources */ = {isa = PBXBuildFile; fileRef = 9C656DFB1DD248410096FDA5 /* ForecastManager.swift */; };
		9C84DB7F1DB53A590059E63B /* AppDelegate.swift in Sources */ = {isa = PBXBuildFile; fileRef = 9C84DB7E1DB53A590059E63B /* AppDelegate.swift */; };
		9C84DB811DB53A590059E63B /* CurrentWeatherViewController.swift in Sources */ = {isa = PBXBuildFile; fileRef = 9C84DB801DB53A590059E63B /* CurrentWeatherViewController.swift */; };
		9C84DB831DB53A590059E63B /* HomeWeatherViewController.swift in Sources */ = {isa = PBXBuildFile; fileRef = 9C84DB821DB53A590059E63B /* HomeWeatherViewController.swift */; };
		9C84DB861DB53A590059E63B /* Main.storyboard in Resources */ = {isa = PBXBuildFile; fileRef = 9C84DB841DB53A590059E63B /* Main.storyboard */; };
		9C84DB8B1DB53A590059E63B /* LaunchScreen.storyboard in Resources */ = {isa = PBXBuildFile; fileRef = 9C84DB891DB53A590059E63B /* LaunchScreen.storyboard */; };
		9CC076B61DB7EC9200887021 /* BaseWeatherViewController.swift in Sources */ = {isa = PBXBuildFile; fileRef = 9CC076B51DB7EC9200887021 /* BaseWeatherViewController.swift */; };
		9CC076BB1DB7FBF500887021 /* BaseWeatherViewController.swift in Sources */ = {isa = PBXBuildFile; fileRef = 9CC076B51DB7EC9200887021 /* BaseWeatherViewController.swift */; };
		9CF89D711DB61080007619E7 /* HomeWeatherViewController.swift in Sources */ = {isa = PBXBuildFile; fileRef = 9C84DB821DB53A590059E63B /* HomeWeatherViewController.swift */; };
		9CF89D721DB61080007619E7 /* AppDelegate.swift in Sources */ = {isa = PBXBuildFile; fileRef = 9C84DB7E1DB53A590059E63B /* AppDelegate.swift */; };
		9CF89D731DB61080007619E7 /* CurrentWeatherViewController.swift in Sources */ = {isa = PBXBuildFile; fileRef = 9C84DB801DB53A590059E63B /* CurrentWeatherViewController.swift */; };
		9CF89D741DB61080007619E7 /* Constants.swift in Sources */ = {isa = PBXBuildFile; fileRef = E135E21E96D9A3944C56680D /* Constants.swift */; };
		9CF89D751DB61080007619E7 /* WeatherForecast.swift in Sources */ = {isa = PBXBuildFile; fileRef = E135E2C711B5E53AB8DAA921 /* WeatherForecast.swift */; };
		9CF89D791DB61080007619E7 /* LaunchScreen.storyboard in Resources */ = {isa = PBXBuildFile; fileRef = 9C84DB891DB53A590059E63B /* LaunchScreen.storyboard */; };
		9CF89D7B1DB61080007619E7 /* Main.storyboard in Resources */ = {isa = PBXBuildFile; fileRef = 9C84DB841DB53A590059E63B /* Main.storyboard */; };
		9CF89D7C1DB61080007619E7 /* .gitignore in Resources */ = {isa = PBXBuildFile; fileRef = E135E14A45138472A4BAB064 /* .gitignore */; };
		9CF89D7D1DB61080007619E7 /* Podfile in Resources */ = {isa = PBXBuildFile; fileRef = E135E6D010E252D6C144C8DC /* Podfile */; };
		9CFA25941DB825A30071197C /* Images.xcassets in Resources */ = {isa = PBXBuildFile; fileRef = 9CFA25931DB825A30071197C /* Images.xcassets */; };
		9CFA25951DB827710071197C /* Images.xcassets in Resources */ = {isa = PBXBuildFile; fileRef = 9CFA25931DB825A30071197C /* Images.xcassets */; };
		E135E2E4449F66E95E5C93D8 /* Podfile in Resources */ = {isa = PBXBuildFile; fileRef = E135E6D010E252D6C144C8DC /* Podfile */; };
		E135EAF05AF30562FDB9DA9C /* WeatherForecast.swift in Sources */ = {isa = PBXBuildFile; fileRef = E135E2C711B5E53AB8DAA921 /* WeatherForecast.swift */; };
		E135EDBC430FBE8631DA3343 /* Info-dev.plist in Resources */ = {isa = PBXBuildFile; fileRef = E135E9FCCBA7DC411128F112 /* Info-dev.plist */; };
		E135EE24C5BB6D68BFEC48B9 /* .gitignore in Resources */ = {isa = PBXBuildFile; fileRef = E135E14A45138472A4BAB064 /* .gitignore */; };
		E135EFBC8316A357B36D76CD /* Constants.swift in Sources */ = {isa = PBXBuildFile; fileRef = E135E21E96D9A3944C56680D /* Constants.swift */; };
/* End PBXBuildFile section */

/* Begin PBXFileReference section */
		47818D6AFEEAAE2EA9C38E0F /* Pods.debug.xcconfig */ = {isa = PBXFileReference; includeInIndex = 1; lastKnownFileType = text.xcconfig; name = Pods.debug.xcconfig; path = "Pods/Target Support Files/Pods/Pods.debug.xcconfig"; sourceTree = "<group>"; };
		57CD0942B412BA485F8C40F4 /* Pods-Rainy-dev.release.xcconfig */ = {isa = PBXFileReference; includeInIndex = 1; lastKnownFileType = text.xcconfig; name = "Pods-Rainy-dev.release.xcconfig"; path = "Pods/Target Support Files/Pods-Rainy-dev/Pods-Rainy-dev.release.xcconfig"; sourceTree = "<group>"; };
		753B26BE366B55572875C325 /* Pods.release.xcconfig */ = {isa = PBXFileReference; includeInIndex = 1; lastKnownFileType = text.xcconfig; name = Pods.release.xcconfig; path = "Pods/Target Support Files/Pods/Pods.release.xcconfig"; sourceTree = "<group>"; };
		7A16B4B155A0D521FF3EBE99 /* Pods_Rainy.framework */ = {isa = PBXFileReference; explicitFileType = wrapper.framework; includeInIndex = 0; path = Pods_Rainy.framework; sourceTree = BUILT_PRODUCTS_DIR; };
		8BBEDB30D3618E5A26D4188F /* Pods-Rainy-dev.debug.xcconfig */ = {isa = PBXFileReference; includeInIndex = 1; lastKnownFileType = text.xcconfig; name = "Pods-Rainy-dev.debug.xcconfig"; path = "Pods/Target Support Files/Pods-Rainy-dev/Pods-Rainy-dev.debug.xcconfig"; sourceTree = "<group>"; };
		9C656DFB1DD248410096FDA5 /* ForecastManager.swift */ = {isa = PBXFileReference; fileEncoding = 4; lastKnownFileType = sourcecode.swift; path = ForecastManager.swift; sourceTree = "<group>"; };
		9C84DB7B1DB53A590059E63B /* Rainy.app */ = {isa = PBXFileReference; explicitFileType = wrapper.application; includeInIndex = 0; path = Rainy.app; sourceTree = BUILT_PRODUCTS_DIR; };
		9C84DB7E1DB53A590059E63B /* AppDelegate.swift */ = {isa = PBXFileReference; lastKnownFileType = sourcecode.swift; path = AppDelegate.swift; sourceTree = "<group>"; };
		9C84DB801DB53A590059E63B /* CurrentWeatherViewController.swift */ = {isa = PBXFileReference; lastKnownFileType = sourcecode.swift; path = CurrentWeatherViewController.swift; sourceTree = "<group>"; };
		9C84DB821DB53A590059E63B /* HomeWeatherViewController.swift */ = {isa = PBXFileReference; lastKnownFileType = sourcecode.swift; path = HomeWeatherViewController.swift; sourceTree = "<group>"; };
		9C84DB851DB53A590059E63B /* Base */ = {isa = PBXFileReference; lastKnownFileType = file.storyboard; name = Base; path = Base.lproj/Main.storyboard; sourceTree = "<group>"; };
		9C84DB8A1DB53A590059E63B /* Base */ = {isa = PBXFileReference; lastKnownFileType = file.storyboard; name = Base; path = Base.lproj/LaunchScreen.storyboard; sourceTree = "<group>"; };
		9C84DB8C1DB53A590059E63B /* Info.plist */ = {isa = PBXFileReference; lastKnownFileType = text.plist.xml; path = Info.plist; sourceTree = "<group>"; };
		9CC076B51DB7EC9200887021 /* BaseWeatherViewController.swift */ = {isa = PBXFileReference; fileEncoding = 4; lastKnownFileType = sourcecode.swift; path = BaseWeatherViewController.swift; sourceTree = "<group>"; };
		9CF89D831DB61080007619E7 /* Rainy-dev.app */ = {isa = PBXFileReference; explicitFileType = wrapper.application; includeInIndex = 0; path = "Rainy-dev.app"; sourceTree = BUILT_PRODUCTS_DIR; };
		9CFA25931DB825A30071197C /* Images.xcassets */ = {isa = PBXFileReference; lastKnownFileType = folder.assetcatalog; path = Images.xcassets; sourceTree = "<group>"; };
		C298855D70E0E8FE19C392E0 /* Pods_Rainy_dev.framework */ = {isa = PBXFileReference; explicitFileType = wrapper.framework; includeInIndex = 0; path = Pods_Rainy_dev.framework; sourceTree = BUILT_PRODUCTS_DIR; };
		C38D01816FA9C49C6A6E63E6 /* Pods-Rainy.debug.xcconfig */ = {isa = PBXFileReference; includeInIndex = 1; lastKnownFileType = text.xcconfig; name = "Pods-Rainy.debug.xcconfig"; path = "Pods/Target Support Files/Pods-Rainy/Pods-Rainy.debug.xcconfig"; sourceTree = "<group>"; };
		D24EC2EF59539EC0B12E8598 /* Pods-Rainy.release.xcconfig */ = {isa = PBXFileReference; includeInIndex = 1; lastKnownFileType = text.xcconfig; name = "Pods-Rainy.release.xcconfig"; path = "Pods/Target Support Files/Pods-Rainy/Pods-Rainy.release.xcconfig"; sourceTree = "<group>"; };
		E135E14A45138472A4BAB064 /* .gitignore */ = {isa = PBXFileReference; lastKnownFileType = text; name = .gitignore; path = Rainy/.gitignore; sourceTree = "<group>"; };
		E135E21E96D9A3944C56680D /* Constants.swift */ = {isa = PBXFileReference; fileEncoding = 4; lastKnownFileType = sourcecode.swift; path = Constants.swift; sourceTree = "<group>"; };
		E135E2C711B5E53AB8DAA921 /* WeatherForecast.swift */ = {isa = PBXFileReference; fileEncoding = 4; lastKnownFileType = sourcecode.swift; path = WeatherForecast.swift; sourceTree = "<group>"; };
		E135E6D010E252D6C144C8DC /* Podfile */ = {isa = PBXFileReference; fileEncoding = 4; lastKnownFileType = text; path = Podfile; sourceTree = "<group>"; xcLanguageSpecificationIdentifier = xcode.lang.ruby; };
		E135E9FCCBA7DC411128F112 /* Info-dev.plist */ = {isa = PBXFileReference; fileEncoding = 4; lastKnownFileType = text.plist.info; path = "Info-dev.plist"; sourceTree = "<group>"; };
/* End PBXFileReference section */

/* Begin PBXFrameworksBuildPhase section */
		9C84DB781DB53A590059E63B /* Frameworks */ = {
			isa = PBXFrameworksBuildPhase;
			buildActionMask = 2147483647;
			files = (
				085C0BB86DFFB903ADDDF659 /* Pods_Rainy.framework in Frameworks */,
			);
			runOnlyForDeploymentPostprocessing = 0;
		};
		9CF89D761DB61080007619E7 /* Frameworks */ = {
			isa = PBXFrameworksBuildPhase;
			buildActionMask = 2147483647;
			files = (
				7B69FB5CE728F9121E6E3F39 /* Pods_Rainy_dev.framework in Frameworks */,
			);
			runOnlyForDeploymentPostprocessing = 0;
		};
/* End PBXFrameworksBuildPhase section */

/* Begin PBXGroup section */
		61F7C40BEE77196306E6F312 /* Frameworks */ = {
			isa = PBXGroup;
			children = (
				7A16B4B155A0D521FF3EBE99 /* Pods_Rainy.framework */,
				C298855D70E0E8FE19C392E0 /* Pods_Rainy_dev.framework */,
			);
			name = Frameworks;
			sourceTree = "<group>";
		};
		9B7040999D0A7EA737BF9449 /* Pods */ = {
			isa = PBXGroup;
			children = (
				47818D6AFEEAAE2EA9C38E0F /* Pods.debug.xcconfig */,
				753B26BE366B55572875C325 /* Pods.release.xcconfig */,
				C38D01816FA9C49C6A6E63E6 /* Pods-Rainy.debug.xcconfig */,
				D24EC2EF59539EC0B12E8598 /* Pods-Rainy.release.xcconfig */,
				8BBEDB30D3618E5A26D4188F /* Pods-Rainy-dev.debug.xcconfig */,
				57CD0942B412BA485F8C40F4 /* Pods-Rainy-dev.release.xcconfig */,
			);
			name = Pods;
			sourceTree = "<group>";
		};
		9C84DB721DB53A590059E63B = {
			isa = PBXGroup;
			children = (
				61F7C40BEE77196306E6F312 /* Frameworks */,
				9B7040999D0A7EA737BF9449 /* Pods */,
				9C84DB7C1DB53A590059E63B /* Products */,
				9C84DB7D1DB53A590059E63B /* Rainy */,
				E135E14A45138472A4BAB064 /* .gitignore */,
				E135E6D010E252D6C144C8DC /* Podfile */,
			);
			sourceTree = "<group>";
		};
		9C84DB7C1DB53A590059E63B /* Products */ = {
			isa = PBXGroup;
			children = (
				9C84DB7B1DB53A590059E63B /* Rainy.app */,
				9CF89D831DB61080007619E7 /* Rainy-dev.app */,
			);
			name = Products;
			sourceTree = "<group>";
		};
		9C84DB7D1DB53A590059E63B /* Rainy */ = {
			isa = PBXGroup;
			children = (
				9CC076B71DB7ECDA00887021 /* Controllers */,
				9CC076B81DB7ED0100887021 /* Helpers */,
				9CC076BA1DB7F91A00887021 /* Models */,
				9CC076B91DB7ED2800887021 /* Stores */,
				9C84DB7E1DB53A590059E63B /* AppDelegate.swift */,
				9CFA25931DB825A30071197C /* Images.xcassets */,
				E135E9FCCBA7DC411128F112 /* Info-dev.plist */,
				9C84DB8C1DB53A590059E63B /* Info.plist */,
			);
			path = Rainy;
			sourceTree = "<group>";
		};
		9CC076B71DB7ECDA00887021 /* Controllers */ = {
			isa = PBXGroup;
			children = (
				9CC076B51DB7EC9200887021 /* BaseWeatherViewController.swift */,
				9C84DB801DB53A590059E63B /* CurrentWeatherViewController.swift */,
				9C84DB821DB53A590059E63B /* HomeWeatherViewController.swift */,
			);
			path = Controllers;
			sourceTree = "<group>";
		};
		9CC076B81DB7ED0100887021 /* Helpers */ = {
			isa = PBXGroup;
			children = (
				E135E21E96D9A3944C56680D /* Constants.swift */,
				9C656DFB1DD248410096FDA5 /* ForecastManager.swift */,
			);
			path = Helpers;
			sourceTree = "<group>";
		};
		9CC076B91DB7ED2800887021 /* Stores */ = {
			isa = PBXGroup;
			children = (
				9C84DB891DB53A590059E63B /* LaunchScreen.storyboard */,
				9C84DB841DB53A590059E63B /* Main.storyboard */,
			);
			path = Stores;
			sourceTree = "<group>";
		};
		9CC076BA1DB7F91A00887021 /* Models */ = {
			isa = PBXGroup;
			children = (
				E135E2C711B5E53AB8DAA921 /* WeatherForecast.swift */,
			);
			path = Models;
			sourceTree = "<group>";
		};
/* End PBXGroup section */

/* Begin PBXNativeTarget section */
		9C84DB7A1DB53A590059E63B /* Rainy */ = {
			isa = PBXNativeTarget;
			buildConfigurationList = 9C84DB8F1DB53A590059E63B /* Build configuration list for PBXNativeTarget "Rainy" */;
			buildPhases = (
				4C86DDD5CB2EAC7C5629B721 /* [CP] Check Pods Manifest.lock */,
				9C84DB771DB53A590059E63B /* Sources */,
				9C84DB781DB53A590059E63B /* Frameworks */,
				9C84DB791DB53A590059E63B /* Resources */,
				F9DC0B29D6C63765698FC128 /* [CP] Embed Pods Frameworks */,
				803978F8AC8D866EDF3353EA /* [CP] Copy Pods Resources */,
			);
			buildRules = (
			);
			dependencies = (
			);
			name = Rainy;
			productName = Rainy;
			productReference = 9C84DB7B1DB53A590059E63B /* Rainy.app */;
			productType = "com.apple.product-type.application";
		};
		9CF89D6E1DB61080007619E7 /* Rainy-dev */ = {
			isa = PBXNativeTarget;
			buildConfigurationList = 9CF89D801DB61080007619E7 /* Build configuration list for PBXNativeTarget "Rainy-dev" */;
			buildPhases = (
				9CF89D6F1DB61080007619E7 /* [CP] Check Pods Manifest.lock */,
				9CF89D701DB61080007619E7 /* Sources */,
				9CF89D761DB61080007619E7 /* Frameworks */,
				9CF89D781DB61080007619E7 /* Resources */,
				9CF89D7E1DB61080007619E7 /* [CP] Embed Pods Frameworks */,
				9CF89D7F1DB61080007619E7 /* [CP] Copy Pods Resources */,
			);
			buildRules = (
			);
			dependencies = (
			);
			name = "Rainy-dev";
			productName = Rainy;
			productReference = 9CF89D831DB61080007619E7 /* Rainy-dev.app */;
			productType = "com.apple.product-type.application";
		};
/* End PBXNativeTarget section */

/* Begin PBXProject section */
		9C84DB731DB53A590059E63B /* Project object */ = {
			isa = PBXProject;
			attributes = {
				LastSwiftUpdateCheck = 0800;
				LastUpgradeCheck = 0800;
				ORGANIZATIONNAME = "Alexander Nelzin";
				TargetAttributes = {
					9C84DB7A1DB53A590059E63B = {
						CreatedOnToolsVersion = 8.0;
						DevelopmentTeam = 5VG9KZ2WUH;
						ProvisioningStyle = Automatic;
					};
					9CF89D6E1DB61080007619E7 = {
						DevelopmentTeam = 5VG9KZ2WUH;
					};
				};
			};
			buildConfigurationList = 9C84DB761DB53A590059E63B /* Build configuration list for PBXProject "Rainy" */;
			compatibilityVersion = "Xcode 3.2";
			developmentRegion = English;
			hasScannedForEncodings = 0;
			knownRegions = (
				en,
				Base,
			);
			mainGroup = 9C84DB721DB53A590059E63B;
			productRefGroup = 9C84DB7C1DB53A590059E63B /* Products */;
			projectDirPath = "";
			projectRoot = "";
			targets = (
				9C84DB7A1DB53A590059E63B /* Rainy */,
				9CF89D6E1DB61080007619E7 /* Rainy-dev */,
			);
		};
/* End PBXProject section */

/* Begin PBXResourcesBuildPhase section */
		9C84DB791DB53A590059E63B /* Resources */ = {
			isa = PBXResourcesBuildPhase;
			buildActionMask = 2147483647;
			files = (
				9C84DB8B1DB53A590059E63B /* LaunchScreen.storyboard in Resources */,
				9C84DB861DB53A590059E63B /* Main.storyboard in Resources */,
				E135EE24C5BB6D68BFEC48B9 /* .gitignore in Resources */,
				E135E2E4449F66E95E5C93D8 /* Podfile in Resources */,
				9CFA25941DB825A30071197C /* Images.xcassets in Resources */,
				E135EDBC430FBE8631DA3343 /* Info-dev.plist in Resources */,
			);
			runOnlyForDeploymentPostprocessing = 0;
		};
		9CF89D781DB61080007619E7 /* Resources */ = {
			isa = PBXResourcesBuildPhase;
			buildActionMask = 2147483647;
			files = (
				9CF89D791DB61080007619E7 /* LaunchScreen.storyboard in Resources */,
				9CFA25951DB827710071197C /* Images.xcassets in Resources */,
				9CF89D7B1DB61080007619E7 /* Main.storyboard in Resources */,
				9CF89D7C1DB61080007619E7 /* .gitignore in Resources */,
				9CF89D7D1DB61080007619E7 /* Podfile in Resources */,
			);
			runOnlyForDeploymentPostprocessing = 0;
		};
/* End PBXResourcesBuildPhase section */

/* Begin PBXShellScriptBuildPhase section */
		4C86DDD5CB2EAC7C5629B721 /* [CP] Check Pods Manifest.lock */ = {
			isa = PBXShellScriptBuildPhase;
			buildActionMask = 2147483647;
			files = (
			);
			inputPaths = (
			);
			name = "[CP] Check Pods Manifest.lock";
			outputPaths = (
			);
			runOnlyForDeploymentPostprocessing = 0;
			shellPath = /bin/sh;
			shellScript = "diff \"${PODS_ROOT}/../Podfile.lock\" \"${PODS_ROOT}/Manifest.lock\" > /dev/null\nif [[ $? != 0 ]] ; then\n    cat << EOM\nerror: The sandbox is not in sync with the Podfile.lock. Run 'pod install' or update your CocoaPods installation.\nEOM\n    exit 1\nfi\n";
			showEnvVarsInLog = 0;
		};
		803978F8AC8D866EDF3353EA /* [CP] Copy Pods Resources */ = {
			isa = PBXShellScriptBuildPhase;
			buildActionMask = 2147483647;
			files = (
			);
			inputPaths = (
			);
			name = "[CP] Copy Pods Resources";
			outputPaths = (
			);
			runOnlyForDeploymentPostprocessing = 0;
			shellPath = /bin/sh;
			shellScript = "\"${SRCROOT}/Pods/Target Support Files/Pods-Rainy/Pods-Rainy-resources.sh\"\n";
			showEnvVarsInLog = 0;
		};
		9CF89D6F1DB61080007619E7 /* [CP] Check Pods Manifest.lock */ = {
			isa = PBXShellScriptBuildPhase;
			buildActionMask = 2147483647;
			files = (
			);
			inputPaths = (
			);
			name = "[CP] Check Pods Manifest.lock";
			outputPaths = (
			);
			runOnlyForDeploymentPostprocessing = 0;
			shellPath = /bin/sh;
			shellScript = "diff \"${PODS_ROOT}/../Podfile.lock\" \"${PODS_ROOT}/Manifest.lock\" > /dev/null\nif [[ $? != 0 ]] ; then\n    cat << EOM\nerror: The sandbox is not in sync with the Podfile.lock. Run 'pod install' or update your CocoaPods installation.\nEOM\n    exit 1\nfi\n";
			showEnvVarsInLog = 0;
		};
		9CF89D7E1DB61080007619E7 /* [CP] Embed Pods Frameworks */ = {
			isa = PBXShellScriptBuildPhase;
			buildActionMask = 2147483647;
			files = (
			);
			inputPaths = (
			);
			name = "[CP] Embed Pods Frameworks";
			outputPaths = (
			);
			runOnlyForDeploymentPostprocessing = 0;
			shellPath = /bin/sh;
			shellScript = "\"${SRCROOT}/Pods/Target Support Files/Pods-Rainy-dev/Pods-Rainy-dev-frameworks.sh\"\n";
			showEnvVarsInLog = 0;
		};
		9CF89D7F1DB61080007619E7 /* [CP] Copy Pods Resources */ = {
			isa = PBXShellScriptBuildPhase;
			buildActionMask = 2147483647;
			files = (
			);
			inputPaths = (
			);
			name = "[CP] Copy Pods Resources";
			outputPaths = (
			);
			runOnlyForDeploymentPostprocessing = 0;
			shellPath = /bin/sh;
			shellScript = "\"${SRCROOT}/Pods/Target Support Files/Pods-Rainy-dev/Pods-Rainy-dev-resources.sh\"\n";
			showEnvVarsInLog = 0;
		};
		F9DC0B29D6C63765698FC128 /* [CP] Embed Pods Frameworks */ = {
			isa = PBXShellScriptBuildPhase;
			buildActionMask = 2147483647;
			files = (
			);
			inputPaths = (
			);
			name = "[CP] Embed Pods Frameworks";
			outputPaths = (
			);
			runOnlyForDeploymentPostprocessing = 0;
			shellPath = /bin/sh;
			shellScript = "\"${SRCROOT}/Pods/Target Support Files/Pods-Rainy/Pods-Rainy-frameworks.sh\"\n";
			showEnvVarsInLog = 0;
		};
/* End PBXShellScriptBuildPhase section */

/* Begin PBXSourcesBuildPhase section */
		9C84DB771DB53A590059E63B /* Sources */ = {
			isa = PBXSourcesBuildPhase;
			buildActionMask = 2147483647;
			files = (
				9C656DFC1DD248410096FDA5 /* ForecastManager.swift in Sources */,
				9CC076B61DB7EC9200887021 /* BaseWeatherViewController.swift in Sources */,
				9C84DB831DB53A590059E63B /* HomeWeatherViewController.swift in Sources */,
				9C84DB7F1DB53A590059E63B /* AppDelegate.swift in Sources */,
				9C84DB811DB53A590059E63B /* CurrentWeatherViewController.swift in Sources */,
				E135EFBC8316A357B36D76CD /* Constants.swift in Sources */,
				E135EAF05AF30562FDB9DA9C /* WeatherForecast.swift in Sources */,
			);
			runOnlyForDeploymentPostprocessing = 0;
		};
		9CF89D701DB61080007619E7 /* Sources */ = {
			isa = PBXSourcesBuildPhase;
			buildActionMask = 2147483647;
			files = (
				9CC076BB1DB7FBF500887021 /* BaseWeatherViewController.swift in Sources */,
				9CF89D711DB61080007619E7 /* HomeWeatherViewController.swift in Sources */,
				9C656DFD1DD248A40096FDA5 /* ForecastManager.swift in Sources */,
				9CF89D721DB61080007619E7 /* AppDelegate.swift in Sources */,
				9CF89D731DB61080007619E7 /* CurrentWeatherViewController.swift in Sources */,
				9CF89D741DB61080007619E7 /* Constants.swift in Sources */,
				9CF89D751DB61080007619E7 /* WeatherForecast.swift in Sources */,
			);
			runOnlyForDeploymentPostprocessing = 0;
		};
/* End PBXSourcesBuildPhase section */

/* Begin PBXVariantGroup section */
		9C84DB841DB53A590059E63B /* Main.storyboard */ = {
			isa = PBXVariantGroup;
			children = (
				9C84DB851DB53A590059E63B /* Base */,
			);
			name = Main.storyboard;
			path = .;
			sourceTree = "<group>";
		};
		9C84DB891DB53A590059E63B /* LaunchScreen.storyboard */ = {
			isa = PBXVariantGroup;
			children = (
				9C84DB8A1DB53A590059E63B /* Base */,
			);
			name = LaunchScreen.storyboard;
			path = .;
			sourceTree = "<group>";
		};
/* End PBXVariantGroup section */

/* Begin XCBuildConfiguration section */
		9C84DB8D1DB53A590059E63B /* Debug */ = {
			isa = XCBuildConfiguration;
			buildSettings = {
				ALWAYS_SEARCH_USER_PATHS = NO;
				CLANG_ANALYZER_NONNULL = YES;
				CLANG_CXX_LANGUAGE_STANDARD = "gnu++0x";
				CLANG_CXX_LIBRARY = "libc++";
				CLANG_ENABLE_MODULES = YES;
				CLANG_ENABLE_OBJC_ARC = YES;
				CLANG_WARN_BOOL_CONVERSION = YES;
				CLANG_WARN_CONSTANT_CONVERSION = YES;
				CLANG_WARN_DIRECT_OBJC_ISA_USAGE = YES_ERROR;
				CLANG_WARN_DOCUMENTATION_COMMENTS = YES;
				CLANG_WARN_EMPTY_BODY = YES;
				CLANG_WARN_ENUM_CONVERSION = YES;
				CLANG_WARN_INFINITE_RECURSION = YES;
				CLANG_WARN_INT_CONVERSION = YES;
				CLANG_WARN_OBJC_ROOT_CLASS = YES_ERROR;
				CLANG_WARN_SUSPICIOUS_MOVE = YES;
				CLANG_WARN_SUSPICIOUS_MOVES = YES;
				CLANG_WARN_UNREACHABLE_CODE = YES;
				CLANG_WARN__DUPLICATE_METHOD_MATCH = YES;
				"CODE_SIGN_IDENTITY[sdk=iphoneos*]" = "iPhone Developer";
				COPY_PHASE_STRIP = NO;
				DEBUG_INFORMATION_FORMAT = dwarf;
				ENABLE_STRICT_OBJC_MSGSEND = YES;
				ENABLE_TESTABILITY = YES;
				GCC_C_LANGUAGE_STANDARD = gnu99;
				GCC_DYNAMIC_NO_PIC = NO;
				GCC_NO_COMMON_BLOCKS = YES;
				GCC_OPTIMIZATION_LEVEL = 0;
				GCC_PREPROCESSOR_DEFINITIONS = (
					"DEBUG=1",
					"$(inherited)",
				);
				GCC_WARN_64_TO_32_BIT_CONVERSION = YES;
				GCC_WARN_ABOUT_RETURN_TYPE = YES_ERROR;
				GCC_WARN_UNDECLARED_SELECTOR = YES;
				GCC_WARN_UNINITIALIZED_AUTOS = YES_AGGRESSIVE;
				GCC_WARN_UNUSED_FUNCTION = YES;
				GCC_WARN_UNUSED_VARIABLE = YES;
				IPHONEOS_DEPLOYMENT_TARGET = 10.0;
				MTL_ENABLE_DEBUG_INFO = YES;
				ONLY_ACTIVE_ARCH = YES;
				SDKROOT = iphoneos;
				SWIFT_ACTIVE_COMPILATION_CONDITIONS = DEBUG;
				SWIFT_OPTIMIZATION_LEVEL = "-Onone";
				TARGETED_DEVICE_FAMILY = "1,2";
			};
			name = Debug;
		};
		9C84DB8E1DB53A590059E63B /* Release */ = {
			isa = XCBuildConfiguration;
			buildSettings = {
				ALWAYS_SEARCH_USER_PATHS = NO;
				CLANG_ANALYZER_NONNULL = YES;
				CLANG_CXX_LANGUAGE_STANDARD = "gnu++0x";
				CLANG_CXX_LIBRARY = "libc++";
				CLANG_ENABLE_MODULES = YES;
				CLANG_ENABLE_OBJC_ARC = YES;
				CLANG_WARN_BOOL_CONVERSION = YES;
				CLANG_WARN_CONSTANT_CONVERSION = YES;
				CLANG_WARN_DIRECT_OBJC_ISA_USAGE = YES_ERROR;
				CLANG_WARN_DOCUMENTATION_COMMENTS = YES;
				CLANG_WARN_EMPTY_BODY = YES;
				CLANG_WARN_ENUM_CONVERSION = YES;
				CLANG_WARN_INFINITE_RECURSION = YES;
				CLANG_WARN_INT_CONVERSION = YES;
				CLANG_WARN_OBJC_ROOT_CLASS = YES_ERROR;
				CLANG_WARN_SUSPICIOUS_MOVE = YES;
				CLANG_WARN_SUSPICIOUS_MOVES = YES;
				CLANG_WARN_UNREACHABLE_CODE = YES;
				CLANG_WARN__DUPLICATE_METHOD_MATCH = YES;
				"CODE_SIGN_IDENTITY[sdk=iphoneos*]" = "iPhone Developer";
				COPY_PHASE_STRIP = NO;
				DEBUG_INFORMATION_FORMAT = "dwarf-with-dsym";
				ENABLE_NS_ASSERTIONS = NO;
				ENABLE_STRICT_OBJC_MSGSEND = YES;
				GCC_C_LANGUAGE_STANDARD = gnu99;
				GCC_NO_COMMON_BLOCKS = YES;
				GCC_WARN_64_TO_32_BIT_CONVERSION = YES;
				GCC_WARN_ABOUT_RETURN_TYPE = YES_ERROR;
				GCC_WARN_UNDECLARED_SELECTOR = YES;
				GCC_WARN_UNINITIALIZED_AUTOS = YES_AGGRESSIVE;
				GCC_WARN_UNUSED_FUNCTION = YES;
				GCC_WARN_UNUSED_VARIABLE = YES;
				IPHONEOS_DEPLOYMENT_TARGET = 10.0;
				MTL_ENABLE_DEBUG_INFO = NO;
				SDKROOT = iphoneos;
				SWIFT_OPTIMIZATION_LEVEL = "-Owholemodule";
				TARGETED_DEVICE_FAMILY = "1,2";
				VALIDATE_PRODUCT = YES;
			};
			name = Release;
		};
		9C84DB901DB53A590059E63B /* Debug */ = {
			isa = XCBuildConfiguration;
			baseConfigurationReference = C38D01816FA9C49C6A6E63E6 /* Pods-Rainy.debug.xcconfig */;
			buildSettings = {
				ALWAYS_EMBED_SWIFT_STANDARD_LIBRARIES = YES;
				ASSETCATALOG_COMPILER_APPICON_NAME = AppIcon;
				DEVELOPMENT_TEAM = 5VG9KZ2WUH;
				INFOPLIST_FILE = Rainy/Info.plist;
				LD_RUNPATH_SEARCH_PATHS = "$(inherited) @executable_path/Frameworks";
				PRODUCT_BUNDLE_IDENTIFIER = com.asnelzin.Rainy;
				PRODUCT_NAME = "$(TARGET_NAME)";
				SWIFT_VERSION = 3.0;
			};
			name = Debug;
		};
		9C84DB911DB53A590059E63B /* Release */ = {
			isa = XCBuildConfiguration;
			baseConfigurationReference = D24EC2EF59539EC0B12E8598 /* Pods-Rainy.release.xcconfig */;
			buildSettings = {
				ALWAYS_EMBED_SWIFT_STANDARD_LIBRARIES = YES;
				ASSETCATALOG_COMPILER_APPICON_NAME = AppIcon;
				DEVELOPMENT_TEAM = 5VG9KZ2WUH;
				INFOPLIST_FILE = Rainy/Info.plist;
				LD_RUNPATH_SEARCH_PATHS = "$(inherited) @executable_path/Frameworks";
				PRODUCT_BUNDLE_IDENTIFIER = com.asnelzin.Rainy;
				PRODUCT_NAME = "$(TARGET_NAME)";
				SWIFT_VERSION = 3.0;
			};
			name = Release;
		};
		9CF89D811DB61080007619E7 /* Debug */ = {
			isa = XCBuildConfiguration;
			baseConfigurationReference = 8BBEDB30D3618E5A26D4188F /* Pods-Rainy-dev.debug.xcconfig */;
			buildSettings = {
				ALWAYS_EMBED_SWIFT_STANDARD_LIBRARIES = YES;
				ASSETCATALOG_COMPILER_APPICON_NAME = AppIcon;
				DEVELOPMENT_TEAM = 5VG9KZ2WUH;
				INFOPLIST_FILE = "$(SRCROOT)/Rainy/Info-dev.plist";
				LD_RUNPATH_SEARCH_PATHS = "$(inherited) @executable_path/Frameworks";
				OTHER_SWIFT_FLAGS = "-DDEVELOPMENT";
				PRODUCT_BUNDLE_IDENTIFIER = "com.asnelzin.Rainy-dev";
				PRODUCT_NAME = "$(TARGET_NAME)";
				SWIFT_VERSION = 3.0;
			};
			name = Debug;
		};
		9CF89D821DB61080007619E7 /* Release */ = {
			isa = XCBuildConfiguration;
			baseConfigurationReference = 57CD0942B412BA485F8C40F4 /* Pods-Rainy-dev.release.xcconfig */;
			buildSettings = {
				ALWAYS_EMBED_SWIFT_STANDARD_LIBRARIES = YES;
				ASSETCATALOG_COMPILER_APPICON_NAME = AppIcon;
				DEVELOPMENT_TEAM = 5VG9KZ2WUH;
				INFOPLIST_FILE = "$(SRCROOT)/Rainy/Info-dev.plist";
				LD_RUNPATH_SEARCH_PATHS = "$(inherited) @executable_path/Frameworks";
				OTHER_SWIFT_FLAGS = "-DDEVELOPMENT";
				PRODUCT_BUNDLE_IDENTIFIER = "com.asnelzin.Rainy-dev";
				PRODUCT_NAME = "$(TARGET_NAME)";
				SWIFT_VERSION = 3.0;
			};
			name = Release;
		};
/* End XCBuildConfiguration section */

/* Begin XCConfigurationList section */
		9C84DB761DB53A590059E63B /* Build configuration list for PBXProject "Rainy" */ = {
			isa = XCConfigurationList;
			buildConfigurations = (
				9C84DB8D1DB53A590059E63B /* Debug */,
				9C84DB8E1DB53A590059E63B /* Release */,
			);
			defaultConfigurationIsVisible = 0;
			defaultConfigurationName = Release;
		};
		9C84DB8F1DB53A590059E63B /* Build configuration list for PBXNativeTarget "Rainy" */ = {
			isa = XCConfigurationList;
			buildConfigurations = (
				9C84DB901DB53A590059E63B /* Debug */,
				9C84DB911DB53A590059E63B /* Release */,
			);
			defaultConfigurationIsVisible = 0;
			defaultConfigurationName = Release;
		};
		9CF89D801DB61080007619E7 /* Build configuration list for PBXNativeTarget "Rainy-dev" */ = {
			isa = XCConfigurationList;
			buildConfigurations = (
				9CF89D811DB61080007619E7 /* Debug */,
				9CF89D821DB61080007619E7 /* Release */,
			);
			defaultConfigurationIsVisible = 0;
			defaultConfigurationName = Release;
		};
/* End XCConfigurationList section */
	};
	rootObject = 9C84DB731DB53A590059E63B /* Project object */;
}
